
Microsoft Visual Studio Solution File, Format Version 12.00
# Visual Studio Version 16
VisualStudioVersion = 16.0.30523.141
MinimumVisualStudioVersion = 10.0.40219.1
Project("{888888A0-9F3D-457C-B088-3A5042F75D52}") = "Personal_Portfolio", "Personal_Portfolio\Personal_Portfolio.pyproj", "{AD90E5D8-5057-4434-AAEE-92EA84D6174F}"
EndProject
Global
	GlobalSection(SolutionConfigurationPlatforms) = preSolution
		Debug|Any CPU = Debug|Any CPU
		Release|Any CPU = Release|Any CPU
	EndGlobalSection
	GlobalSection(ProjectConfigurationPlatforms) = postSolution
		{AD90E5D8-5057-4434-AAEE-92EA84D6174F}.Debug|Any CPU.ActiveCfg = Debug|Any CPU
		{AD90E5D8-5057-4434-AAEE-92EA84D6174F}.Debug|Any CPU.Build.0 = Debug|Any CPU
		{AD90E5D8-5057-4434-AAEE-92EA84D6174F}.Release|Any CPU.ActiveCfg = Release|Any CPU
		{AD90E5D8-5057-4434-AAEE-92EA84D6174F}.Release|Any CPU.Build.0 = Release|Any CPU
	EndGlobalSection
	GlobalSection(SolutionProperties) = preSolution
		HideSolutionNode = FALSE
	EndGlobalSection
	GlobalSection(ExtensibilityGlobals) = postSolution
		SolutionGuid = {6FF3501F-CE23-4FFB-B21C-D68FD9B289D0}
	EndGlobalSection
EndGlobal
